// !$*UTF8*$!
{
	archiveVersion = 1;
	classes = {
	};
	objectVersion = 55;
	objects = {

/* Begin PBXBuildFile section */
		6104C32E288810E90099C6CC /* MaterialView.swift in Sources */ = {isa = PBXBuildFile; fileRef = 6104C32D288810E90099C6CC /* MaterialView.swift */; };
		6104C330288812150099C6CC /* CustomCellView.swift in Sources */ = {isa = PBXBuildFile; fileRef = 6104C32F288812140099C6CC /* CustomCellView.swift */; };
		6104C332288818010099C6CC /* DefaultCellView.swift in Sources */ = {isa = PBXBuildFile; fileRef = 6104C331288818010099C6CC /* DefaultCellView.swift */; };
		6104C33728883CDD0099C6CC /* LossesData.swift in Sources */ = {isa = PBXBuildFile; fileRef = 6104C33628883CDD0099C6CC /* LossesData.swift */; };
		6121C54028855B2F005A2C60 /* macpawApp.swift in Sources */ = {isa = PBXBuildFile; fileRef = 6121C53F28855B2F005A2C60 /* macpawApp.swift */; };
		6121C54228855B2F005A2C60 /* ContentView.swift in Sources */ = {isa = PBXBuildFile; fileRef = 6121C54128855B2F005A2C60 /* ContentView.swift */; };
		6121C54428855B31005A2C60 /* Assets.xcassets in Resources */ = {isa = PBXBuildFile; fileRef = 6121C54328855B31005A2C60 /* Assets.xcassets */; };
		6121C54728855B31005A2C60 /* Preview Assets.xcassets in Resources */ = {isa = PBXBuildFile; fileRef = 6121C54628855B31005A2C60 /* Preview Assets.xcassets */; };
		6121C55128855D77005A2C60 /* personnel_losses.json in Resources */ = {isa = PBXBuildFile; fileRef = 6121C55028855D77005A2C60 /* personnel_losses.json */; };
		6121C55328855DB3005A2C60 /* equipment_losses.json in Resources */ = {isa = PBXBuildFile; fileRef = 6121C55228855DB3005A2C60 /* equipment_losses.json */; };
		6121C55528855DE0005A2C60 /* PersonnelModel.swift in Sources */ = {isa = PBXBuildFile; fileRef = 6121C55428855DE0005A2C60 /* PersonnelModel.swift */; };
		6121C55728855E2A005A2C60 /* DatasetManager.swift in Sources */ = {isa = PBXBuildFile; fileRef = 6121C55628855E2A005A2C60 /* DatasetManager.swift */; };
		6140F3F42885756E003D0A46 /* EqipmentModel.swift in Sources */ = {isa = PBXBuildFile; fileRef = 6140F3F32885756E003D0A46 /* EqipmentModel.swift */; };
		6140F3F82886A332003D0A46 /* DetailsView.swift in Sources */ = {isa = PBXBuildFile; fileRef = 6140F3F72886A332003D0A46 /* DetailsView.swift */; };
		6164DD232886C29D00848B83 /* .gitignore in Resources */ = {isa = PBXBuildFile; fileRef = 6164DD222886C29C00848B83 /* .gitignore */; };
		61B6244A288879EE003ADF42 /* EquipmentLossView.swift in Sources */ = {isa = PBXBuildFile; fileRef = 61B62449288879EE003ADF42 /* EquipmentLossView.swift */; };
/* End PBXBuildFile section */

/* Begin PBXFileReference section */
		6104C32D288810E90099C6CC /* MaterialView.swift */ = {isa = PBXFileReference; lastKnownFileType = sourcecode.swift; path = MaterialView.swift; sourceTree = "<group>"; };
		6104C32F288812140099C6CC /* CustomCellView.swift */ = {isa = PBXFileReference; lastKnownFileType = sourcecode.swift; path = CustomCellView.swift; sourceTree = "<group>"; };
		6104C331288818010099C6CC /* DefaultCellView.swift */ = {isa = PBXFileReference; lastKnownFileType = sourcecode.swift; path = DefaultCellView.swift; sourceTree = "<group>"; };
		6104C33628883CDD0099C6CC /* LossesData.swift */ = {isa = PBXFileReference; lastKnownFileType = sourcecode.swift; path = LossesData.swift; sourceTree = "<group>"; };
		6121C53C28855B2F005A2C60 /* macpaw.app */ = {isa = PBXFileReference; explicitFileType = wrapper.application; includeInIndex = 0; path = macpaw.app; sourceTree = BUILT_PRODUCTS_DIR; };
		6121C53F28855B2F005A2C60 /* macpawApp.swift */ = {isa = PBXFileReference; lastKnownFileType = sourcecode.swift; path = macpawApp.swift; sourceTree = "<group>"; };
		6121C54128855B2F005A2C60 /* ContentView.swift */ = {isa = PBXFileReference; lastKnownFileType = sourcecode.swift; path = ContentView.swift; sourceTree = "<group>"; };
		6121C54328855B31005A2C60 /* Assets.xcassets */ = {isa = PBXFileReference; lastKnownFileType = folder.assetcatalog; path = Assets.xcassets; sourceTree = "<group>"; };
		6121C54628855B31005A2C60 /* Preview Assets.xcassets */ = {isa = PBXFileReference; lastKnownFileType = folder.assetcatalog; path = "Preview Assets.xcassets"; sourceTree = "<group>"; };
		6121C55028855D77005A2C60 /* personnel_losses.json */ = {isa = PBXFileReference; lastKnownFileType = text.json; path = personnel_losses.json; sourceTree = "<group>"; };
		6121C55228855DB3005A2C60 /* equipment_losses.json */ = {isa = PBXFileReference; lastKnownFileType = text.json; path = equipment_losses.json; sourceTree = "<group>"; };
		6121C55428855DE0005A2C60 /* PersonnelModel.swift */ = {isa = PBXFileReference; lastKnownFileType = sourcecode.swift; path = PersonnelModel.swift; sourceTree = "<group>"; };
		6121C55628855E2A005A2C60 /* DatasetManager.swift */ = {isa = PBXFileReference; lastKnownFileType = sourcecode.swift; path = DatasetManager.swift; sourceTree = "<group>"; };
		6140F3F32885756E003D0A46 /* EqipmentModel.swift */ = {isa = PBXFileReference; lastKnownFileType = sourcecode.swift; path = EqipmentModel.swift; sourceTree = "<group>"; };
		6140F3F72886A332003D0A46 /* DetailsView.swift */ = {isa = PBXFileReference; lastKnownFileType = sourcecode.swift; path = DetailsView.swift; sourceTree = "<group>"; };
		6164DD222886C29C00848B83 /* .gitignore */ = {isa = PBXFileReference; lastKnownFileType = text; path = .gitignore; sourceTree = "<group>"; };
		61B62449288879EE003ADF42 /* EquipmentLossView.swift */ = {isa = PBXFileReference; lastKnownFileType = sourcecode.swift; path = EquipmentLossView.swift; sourceTree = "<group>"; };
/* End PBXFileReference section */

/* Begin PBXFrameworksBuildPhase section */
		6121C53928855B2F005A2C60 /* Frameworks */ = {
			isa = PBXFrameworksBuildPhase;
			buildActionMask = 2147483647;
			files = (
			);
			runOnlyForDeploymentPostprocessing = 0;
		};
/* End PBXFrameworksBuildPhase section */

/* Begin PBXGroup section */
		6104C333288818040099C6CC /* CellView */ = {
			isa = PBXGroup;
			children = (
				6104C32F288812140099C6CC /* CustomCellView.swift */,
				6104C331288818010099C6CC /* DefaultCellView.swift */,
			);
			path = CellView;
			sourceTree = "<group>";
		};
		6104C334288818130099C6CC /* MaterialView */ = {
			isa = PBXGroup;
			children = (
				6104C32D288810E90099C6CC /* MaterialView.swift */,
			);
			path = MaterialView;
			sourceTree = "<group>";
		};
		6104C335288820D90099C6CC /* Controllers */ = {
			isa = PBXGroup;
			children = (
				6121C55628855E2A005A2C60 /* DatasetManager.swift */,
			);
			path = Controllers;
			sourceTree = "<group>";
		};
		6104C339288879870099C6CC /* DataView */ = {
			isa = PBXGroup;
			children = (
				61B62449288879EE003ADF42 /* EquipmentLossView.swift */,
			);
			path = DataView;
			sourceTree = "<group>";
		};
		6121C53328855B2F005A2C60 = {
			isa = PBXGroup;
			children = (
				6164DD222886C29C00848B83 /* .gitignore */,
				6121C53E28855B2F005A2C60 /* macpaw */,
				6121C53D28855B2F005A2C60 /* Products */,
			);
			sourceTree = "<group>";
		};
		6121C53D28855B2F005A2C60 /* Products */ = {
			isa = PBXGroup;
			children = (
				6121C53C28855B2F005A2C60 /* macpaw.app */,
			);
			name = Products;
			sourceTree = "<group>";
		};
		6121C53E28855B2F005A2C60 /* macpaw */ = {
			isa = PBXGroup;
			children = (
				6121C54F28855D19005A2C60 /* Dataset */,
				6104C335288820D90099C6CC /* Controllers */,
				6121C54E28855C9B005A2C60 /* Models */,
				6121C54D28855B59005A2C60 /* Views */,
				6121C53F28855B2F005A2C60 /* macpawApp.swift */,
				6121C54328855B31005A2C60 /* Assets.xcassets */,
				6121C54528855B31005A2C60 /* Preview Content */,
			);
			path = macpaw;
			sourceTree = "<group>";
		};
		6121C54528855B31005A2C60 /* Preview Content */ = {
			isa = PBXGroup;
			children = (
				6121C54628855B31005A2C60 /* Preview Assets.xcassets */,
			);
			path = "Preview Content";
			sourceTree = "<group>";
		};
		6121C54D28855B59005A2C60 /* Views */ = {
			isa = PBXGroup;
			children = (
				6104C339288879870099C6CC /* DataView */,
				6104C334288818130099C6CC /* MaterialView */,
				6104C333288818040099C6CC /* CellView */,
				6121C54128855B2F005A2C60 /* ContentView.swift */,
				6140F3F72886A332003D0A46 /* DetailsView.swift */,
			);
			path = Views;
			sourceTree = "<group>";
		};
		6121C54E28855C9B005A2C60 /* Models */ = {
			isa = PBXGroup;
			children = (
				6121C55428855DE0005A2C60 /* PersonnelModel.swift */,
				6140F3F32885756E003D0A46 /* EqipmentModel.swift */,
				6104C33628883CDD0099C6CC /* LossesData.swift */,
			);
			path = Models;
			sourceTree = "<group>";
		};
		6121C54F28855D19005A2C60 /* Dataset */ = {
			isa = PBXGroup;
			children = (
				6121C55028855D77005A2C60 /* personnel_losses.json */,
				6121C55228855DB3005A2C60 /* equipment_losses.json */,
			);
			path = Dataset;
			sourceTree = "<group>";
		};
/* End PBXGroup section */

/* Begin PBXNativeTarget section */
		6121C53B28855B2F005A2C60 /* macpaw */ = {
			isa = PBXNativeTarget;
			buildConfigurationList = 6121C54A28855B31005A2C60 /* Build configuration list for PBXNativeTarget "macpaw" */;
			buildPhases = (
				6121C53828855B2F005A2C60 /* Sources */,
				6121C53928855B2F005A2C60 /* Frameworks */,
				6121C53A28855B2F005A2C60 /* Resources */,
			);
			buildRules = (
			);
			dependencies = (
			);
			name = macpaw;
			productName = macpaw;
			productReference = 6121C53C28855B2F005A2C60 /* macpaw.app */;
			productType = "com.apple.product-type.application";
		};
/* End PBXNativeTarget section */

/* Begin PBXProject section */
		6121C53428855B2F005A2C60 /* Project object */ = {
			isa = PBXProject;
			attributes = {
				BuildIndependentTargetsInParallel = 1;
				LastSwiftUpdateCheck = 1340;
				LastUpgradeCheck = 1340;
				TargetAttributes = {
					6121C53B28855B2F005A2C60 = {
						CreatedOnToolsVersion = 13.4.1;
					};
				};
			};
			buildConfigurationList = 6121C53728855B2F005A2C60 /* Build configuration list for PBXProject "macpaw" */;
			compatibilityVersion = "Xcode 13.0";
			developmentRegion = en;
			hasScannedForEncodings = 0;
			knownRegions = (
				en,
				Base,
			);
			mainGroup = 6121C53328855B2F005A2C60;
			productRefGroup = 6121C53D28855B2F005A2C60 /* Products */;
			projectDirPath = "";
			projectRoot = "";
			targets = (
				6121C53B28855B2F005A2C60 /* macpaw */,
			);
		};
/* End PBXProject section */

/* Begin PBXResourcesBuildPhase section */
		6121C53A28855B2F005A2C60 /* Resources */ = {
			isa = PBXResourcesBuildPhase;
			buildActionMask = 2147483647;
			files = (
				6164DD232886C29D00848B83 /* .gitignore in Resources */,
				6121C55128855D77005A2C60 /* personnel_losses.json in Resources */,
				6121C55328855DB3005A2C60 /* equipment_losses.json in Resources */,
				6121C54728855B31005A2C60 /* Preview Assets.xcassets in Resources */,
				6121C54428855B31005A2C60 /* Assets.xcassets in Resources */,
			);
			runOnlyForDeploymentPostprocessing = 0;
		};
/* End PBXResourcesBuildPhase section */

/* Begin PBXSourcesBuildPhase section */
		6121C53828855B2F005A2C60 /* Sources */ = {
			isa = PBXSourcesBuildPhase;
			buildActionMask = 2147483647;
			files = (
				6140F3F82886A332003D0A46 /* DetailsView.swift in Sources */,
				6121C55728855E2A005A2C60 /* DatasetManager.swift in Sources */,
				6121C54228855B2F005A2C60 /* ContentView.swift in Sources */,
				6121C55528855DE0005A2C60 /* PersonnelModel.swift in Sources */,
				6104C33728883CDD0099C6CC /* LossesData.swift in Sources */,
				61B6244A288879EE003ADF42 /* EquipmentLossView.swift in Sources */,
				6121C54028855B2F005A2C60 /* macpawApp.swift in Sources */,
				6104C330288812150099C6CC /* CustomCellView.swift in Sources */,
				6104C32E288810E90099C6CC /* MaterialView.swift in Sources */,
				6140F3F42885756E003D0A46 /* EqipmentModel.swift in Sources */,
				6104C332288818010099C6CC /* DefaultCellView.swift in Sources */,
			);
			runOnlyForDeploymentPostprocessing = 0;
		};
/* End PBXSourcesBuildPhase section */

/* Begin XCBuildConfiguration section */
		6121C54828855B31005A2C60 /* Debug */ = {
			isa = XCBuildConfiguration;
			buildSettings = {
				ALWAYS_SEARCH_USER_PATHS = NO;
				CLANG_ANALYZER_NONNULL = YES;
				CLANG_ANALYZER_NUMBER_OBJECT_CONVERSION = YES_AGGRESSIVE;
				CLANG_CXX_LANGUAGE_STANDARD = "gnu++17";
				CLANG_ENABLE_MODULES = YES;
				CLANG_ENABLE_OBJC_ARC = YES;
				CLANG_ENABLE_OBJC_WEAK = YES;
				CLANG_WARN_BLOCK_CAPTURE_AUTORELEASING = YES;
				CLANG_WARN_BOOL_CONVERSION = YES;
				CLANG_WARN_COMMA = YES;
				CLANG_WARN_CONSTANT_CONVERSION = YES;
				CLANG_WARN_DEPRECATED_OBJC_IMPLEMENTATIONS = YES;
				CLANG_WARN_DIRECT_OBJC_ISA_USAGE = YES_ERROR;
				CLANG_WARN_DOCUMENTATION_COMMENTS = YES;
				CLANG_WARN_EMPTY_BODY = YES;
				CLANG_WARN_ENUM_CONVERSION = YES;
				CLANG_WARN_INFINITE_RECURSION = YES;
				CLANG_WARN_INT_CONVERSION = YES;
				CLANG_WARN_NON_LITERAL_NULL_CONVERSION = YES;
				CLANG_WARN_OBJC_IMPLICIT_RETAIN_SELF = YES;
				CLANG_WARN_OBJC_LITERAL_CONVERSION = YES;
				CLANG_WARN_OBJC_ROOT_CLASS = YES_ERROR;
				CLANG_WARN_QUOTED_INCLUDE_IN_FRAMEWORK_HEADER = YES;
				CLANG_WARN_RANGE_LOOP_ANALYSIS = YES;
				CLANG_WARN_STRICT_PROTOTYPES = YES;
				CLANG_WARN_SUSPICIOUS_MOVE = YES;
				CLANG_WARN_UNGUARDED_AVAILABILITY = YES_AGGRESSIVE;
				CLANG_WARN_UNREACHABLE_CODE = YES;
				CLANG_WARN__DUPLICATE_METHOD_MATCH = YES;
				COPY_PHASE_STRIP = NO;
				DEBUG_INFORMATION_FORMAT = dwarf;
				ENABLE_STRICT_OBJC_MSGSEND = YES;
				ENABLE_TESTABILITY = YES;
				GCC_C_LANGUAGE_STANDARD = gnu11;
				GCC_DYNAMIC_NO_PIC = NO;
				GCC_NO_COMMON_BLOCKS = YES;
				GCC_OPTIMIZATION_LEVEL = 0;
				GCC_PREPROCESSOR_DEFINITIONS = (
					"DEBUG=1",
					"$(inherited)",
				);
				GCC_WARN_64_TO_32_BIT_CONVERSION = YES;
				GCC_WARN_ABOUT_RETURN_TYPE = YES_ERROR;
				GCC_WARN_UNDECLARED_SELECTOR = YES;
				GCC_WARN_UNINITIALIZED_AUTOS = YES_AGGRESSIVE;
				GCC_WARN_UNUSED_FUNCTION = YES;
				GCC_WARN_UNUSED_VARIABLE = YES;
				IPHONEOS_DEPLOYMENT_TARGET = 15.5;
				MTL_ENABLE_DEBUG_INFO = INCLUDE_SOURCE;
				MTL_FAST_MATH = YES;
				ONLY_ACTIVE_ARCH = YES;
				SDKROOT = iphoneos;
				SWIFT_ACTIVE_COMPILATION_CONDITIONS = DEBUG;
				SWIFT_OPTIMIZATION_LEVEL = "-Onone";
			};
			name = Debug;
		};
		6121C54928855B31005A2C60 /* Release */ = {
			isa = XCBuildConfiguration;
			buildSettings = {
				ALWAYS_SEARCH_USER_PATHS = NO;
				CLANG_ANALYZER_NONNULL = YES;
				CLANG_ANALYZER_NUMBER_OBJECT_CONVERSION = YES_AGGRESSIVE;
				CLANG_CXX_LANGUAGE_STANDARD = "gnu++17";
				CLANG_ENABLE_MODULES = YES;
				CLANG_ENABLE_OBJC_ARC = YES;
				CLANG_ENABLE_OBJC_WEAK = YES;
				CLANG_WARN_BLOCK_CAPTURE_AUTORELEASING = YES;
				CLANG_WARN_BOOL_CONVERSION = YES;
				CLANG_WARN_COMMA = YES;
				CLANG_WARN_CONSTANT_CONVERSION = YES;
				CLANG_WARN_DEPRECATED_OBJC_IMPLEMENTATIONS = YES;
				CLANG_WARN_DIRECT_OBJC_ISA_USAGE = YES_ERROR;
				CLANG_WARN_DOCUMENTATION_COMMENTS = YES;
				CLANG_WARN_EMPTY_BODY = YES;
				CLANG_WARN_ENUM_CONVERSION = YES;
				CLANG_WARN_INFINITE_RECURSION = YES;
				CLANG_WARN_INT_CONVERSION = YES;
				CLANG_WARN_NON_LITERAL_NULL_CONVERSION = YES;
				CLANG_WARN_OBJC_IMPLICIT_RETAIN_SELF = YES;
				CLANG_WARN_OBJC_LITERAL_CONVERSION = YES;
				CLANG_WARN_OBJC_ROOT_CLASS = YES_ERROR;
				CLANG_WARN_QUOTED_INCLUDE_IN_FRAMEWORK_HEADER = YES;
				CLANG_WARN_RANGE_LOOP_ANALYSIS = YES;
				CLANG_WARN_STRICT_PROTOTYPES = YES;
				CLANG_WARN_SUSPICIOUS_MOVE = YES;
				CLANG_WARN_UNGUARDED_AVAILABILITY = YES_AGGRESSIVE;
				CLANG_WARN_UNREACHABLE_CODE = YES;
				CLANG_WARN__DUPLICATE_METHOD_MATCH = YES;
				COPY_PHASE_STRIP = NO;
				DEBUG_INFORMATION_FORMAT = "dwarf-with-dsym";
				ENABLE_NS_ASSERTIONS = NO;
				ENABLE_STRICT_OBJC_MSGSEND = YES;
				GCC_C_LANGUAGE_STANDARD = gnu11;
				GCC_NO_COMMON_BLOCKS = YES;
				GCC_WARN_64_TO_32_BIT_CONVERSION = YES;
				GCC_WARN_ABOUT_RETURN_TYPE = YES_ERROR;
				GCC_WARN_UNDECLARED_SELECTOR = YES;
				GCC_WARN_UNINITIALIZED_AUTOS = YES_AGGRESSIVE;
				GCC_WARN_UNUSED_FUNCTION = YES;
				GCC_WARN_UNUSED_VARIABLE = YES;
				IPHONEOS_DEPLOYMENT_TARGET = 15.5;
				MTL_ENABLE_DEBUG_INFO = NO;
				MTL_FAST_MATH = YES;
				SDKROOT = iphoneos;
				SWIFT_COMPILATION_MODE = wholemodule;
				SWIFT_OPTIMIZATION_LEVEL = "-O";
				VALIDATE_PRODUCT = YES;
			};
			name = Release;
		};
		6121C54B28855B31005A2C60 /* Debug */ = {
			isa = XCBuildConfiguration;
			buildSettings = {
				ASSETCATALOG_COMPILER_APPICON_NAME = AppIcon;
				ASSETCATALOG_COMPILER_GLOBAL_ACCENT_COLOR_NAME = AccentColor;
				CODE_SIGN_STYLE = Automatic;
				CURRENT_PROJECT_VERSION = 1;
				DEVELOPMENT_ASSET_PATHS = "\"macpaw/Preview Content\"";
				DEVELOPMENT_TEAM = 279J6LMMBQ;
				ENABLE_PREVIEWS = YES;
				GENERATE_INFOPLIST_FILE = YES;
				INFOPLIST_KEY_UIApplicationSceneManifest_Generation = YES;
				INFOPLIST_KEY_UIApplicationSupportsIndirectInputEvents = YES;
				INFOPLIST_KEY_UILaunchScreen_Generation = YES;
				INFOPLIST_KEY_UISupportedInterfaceOrientations = UIInterfaceOrientationPortrait;
				INFOPLIST_KEY_UISupportedInterfaceOrientations_iPad = "UIInterfaceOrientationPortrait UIInterfaceOrientationPortraitUpsideDown UIInterfaceOrientationLandscapeLeft UIInterfaceOrientationLandscapeRight";
				INFOPLIST_KEY_UISupportedInterfaceOrientations_iPhone = "UIInterfaceOrientationPortrait UIInterfaceOrientationLandscapeLeft UIInterfaceOrientationLandscapeRight";
				LD_RUNPATH_SEARCH_PATHS = (
					"$(inherited)",
					"@executable_path/Frameworks",
				);
				MARKETING_VERSION = 1.0;
				PRODUCT_BUNDLE_IDENTIFIER = drewsovsky.macpaw;
				PRODUCT_NAME = "$(TARGET_NAME)";
				SWIFT_EMIT_LOC_STRINGS = YES;
				SWIFT_VERSION = 5.0;
				TARGETED_DEVICE_FAMILY = 1;
			};
			name = Debug;
		};
		6121C54C28855B31005A2C60 /* Release */ = {
			isa = XCBuildConfiguration;
			buildSettings = {
				ASSETCATALOG_COMPILER_APPICON_NAME = AppIcon;
				ASSETCATALOG_COMPILER_GLOBAL_ACCENT_COLOR_NAME = AccentColor;
				CODE_SIGN_STYLE = Automatic;
				CURRENT_PROJECT_VERSION = 1;
				DEVELOPMENT_ASSET_PATHS = "\"macpaw/Preview Content\"";
				DEVELOPMENT_TEAM = 279J6LMMBQ;
				ENABLE_PREVIEWS = YES;
				GENERATE_INFOPLIST_FILE = YES;
				INFOPLIST_KEY_UIApplicationSceneManifest_Generation = YES;
				INFOPLIST_KEY_UIApplicationSupportsIndirectInputEvents = YES;
				INFOPLIST_KEY_UILaunchScreen_Generation = YES;
				INFOPLIST_KEY_UISupportedInterfaceOrientations = UIInterfaceOrientationPortrait;
				INFOPLIST_KEY_UISupportedInterfaceOrientations_iPad = "UIInterfaceOrientationPortrait UIInterfaceOrientationPortraitUpsideDown UIInterfaceOrientationLandscapeLeft UIInterfaceOrientationLandscapeRight";
				INFOPLIST_KEY_UISupportedInterfaceOrientations_iPhone = "UIInterfaceOrientationPortrait UIInterfaceOrientationLandscapeLeft UIInterfaceOrientationLandscapeRight";
				LD_RUNPATH_SEARCH_PATHS = (
					"$(inherited)",
					"@executable_path/Frameworks",
				);
				MARKETING_VERSION = 1.0;
				PRODUCT_BUNDLE_IDENTIFIER = drewsovsky.macpaw;
				PRODUCT_NAME = "$(TARGET_NAME)";
				SWIFT_EMIT_LOC_STRINGS = YES;
				SWIFT_VERSION = 5.0;
				TARGETED_DEVICE_FAMILY = 1;
			};
			name = Release;
		};
/* End XCBuildConfiguration section */

/* Begin XCConfigurationList section */
		6121C53728855B2F005A2C60 /* Build configuration list for PBXProject "macpaw" */ = {
			isa = XCConfigurationList;
			buildConfigurations = (
				6121C54828855B31005A2C60 /* Debug */,
				6121C54928855B31005A2C60 /* Release */,
			);
			defaultConfigurationIsVisible = 0;
			defaultConfigurationName = Release;
		};
		6121C54A28855B31005A2C60 /* Build configuration list for PBXNativeTarget "macpaw" */ = {
			isa = XCConfigurationList;
			buildConfigurations = (
				6121C54B28855B31005A2C60 /* Debug */,
				6121C54C28855B31005A2C60 /* Release */,
			);
			defaultConfigurationIsVisible = 0;
			defaultConfigurationName = Release;
		};
/* End XCConfigurationList section */
	};
	rootObject = 6121C53428855B2F005A2C60 /* Project object */;
}
